{
  "name": "endor-clawsweeper-e2e",
  "version": "1.0.0",
  "lockfileVersion": 3,
  "requires": true,
  "packages": {
    "": {
      "name": "endor-clawsweeper-e2e",
      "version": "1.0.0",
      "dependencies": {
        "fast-xml-parser": "5.3.7",
        "lodash": "4.17.20"
      },
      "engines": {
        "node": ">=24"
      }
    },
    "node_modules/anynum": {
      "version": "1.0.1",
      "resolved": "https://registry.npmjs.org/anynum/-/anynum-1.0.1.tgz",
      "integrity": "sha512-N6//FLET/tXYNM/F6ABca1oH6fWB+KlTt909Le28WMDBk8oaT4vY17DCrwg2MvmuqUKt3Ni4N5dGJ/EoBgcO6A==",
      "funding": [
        {
          "type": "github",
          "url": "https://github.com/sponsors/NaturalIntelligence"
        }
      ],
      "license": "MIT"
    },
    "node_modules/fast-xml-parser": {
      "version": "5.3.7",
      "resolved": "https://registry.npmjs.org/fast-xml-parser/-/fast-xml-parser-5.3.7.tgz",
      "integrity": "sha512-JzVLro9NQv92pOM/jTCR6mHlJh2FGwtomH8ZQjhFj/R29P2Fnj38OgPJVtcvYw6SuKClhgYuwUZf5b3rd8u2mA==",
      "funding": [
        {
          "type": "github",
          "url": "https://github.com/sponsors/NaturalIntelligence"
        }
      ],
      "license": "MIT",
      "dependencies": {
        "strnum": "^2.1.2"
      },
      "bin": {
        "fxparser": "src/cli/cli.js"
      }
    },
    "node_modules/lodash": {
      "version": "4.17.20",
      "resolved": "https://registry.npmjs.org/lodash/-/lodash-4.17.20.tgz",
      "integrity": "sha512-PlhdFcillOINfeV7Ni6oF1TAEayyZBoZ8bcshTHqOYJYlrqzRK5hagpagky5o4HfCzzd1TRkXPMFq6cKk9rGmA==",
      "license": "MIT"
    },
    "node_modules/strnum": {
      "version": "2.4.2",
      "resolved": "https://registry.npmjs.org/strnum/-/strnum-2.4.2.tgz",
      "integrity": "sha512-rDG3Ah4TV0k1hWvLSzkZtMmLN9+eS+h3knq4MP6A42Y3Yh5qGNnOUs1jJkoSr8FG5dsL28c7KgkIBzSEykqtuw==",
      "funding": [
        {
          "type": "github",
          "url": "https://github.com/sponsors/NaturalIntelligence"
        }
      ],
      "license": "MIT",
      "dependencies": {
        "anynum": "^1.0.1"
      }
    }
  }
}
